
Microsoft Visual Studio Solution File, Format Version 12.00
# Visual Studio Version 16
VisualStudioVersion = 16.0.31727.386
MinimumVisualStudioVersion = 10.0.40219.1
Project("{9A19103F-16F7-4668-BE54-9A1E7A4F7556}") = "SolidDip", "SolidDip\SolidDip.csproj", "{19D6D558-C012-454F-B59A-41377570BA78}"
EndProject
Project("{9A19103F-16F7-4668-BE54-9A1E7A4F7556}") = "SolidIsp", "SolidIsp\SolidIsp.csproj", "{AA663402-B6A8-4A05-8504-8F78DEB878B9}"
EndProject
Project("{9A19103F-16F7-4668-BE54-9A1E7A4F7556}") = "SolidSrp", "SolidSrp\SolidSrp.csproj", "{A72ADE76-0C3F-4BF1-A0B2-0176633FC004}"
EndProject
Global
	GlobalSection(SolutionConfigurationPlatforms) = preSolution
		Debug|Any CPU = Debug|Any CPU
		Release|Any CPU = Release|Any CPU
	EndGlobalSection
	GlobalSection(ProjectConfigurationPlatforms) = postSolution
		{19D6D558-C012-454F-B59A-41377570BA78}.Debug|Any CPU.ActiveCfg = Debug|Any CPU
		{19D6D558-C012-454F-B59A-41377570BA78}.Debug|Any CPU.Build.0 = Debug|Any CPU
		{19D6D558-C012-454F-B59A-41377570BA78}.Release|Any CPU.ActiveCfg = Release|Any CPU
		{19D6D558-C012-454F-B59A-41377570BA78}.Release|Any CPU.Build.0 = Release|Any CPU
		{AA663402-B6A8-4A05-8504-8F78DEB878B9}.Debug|Any CPU.ActiveCfg = Debug|Any CPU
		{AA663402-B6A8-4A05-8504-8F78DEB878B9}.Debug|Any CPU.Build.0 = Debug|Any CPU
		{AA663402-B6A8-4A05-8504-8F78DEB878B9}.Release|Any CPU.ActiveCfg = Release|Any CPU
		{AA663402-B6A8-4A05-8504-8F78DEB878B9}.Release|Any CPU.Build.0 = Release|Any CPU
		{A72ADE76-0C3F-4BF1-A0B2-0176633FC004}.Debug|Any CPU.ActiveCfg = Debug|Any CPU
		{A72ADE76-0C3F-4BF1-A0B2-0176633FC004}.Debug|Any CPU.Build.0 = Debug|Any CPU
		{A72ADE76-0C3F-4BF1-A0B2-0176633FC004}.Release|Any CPU.ActiveCfg = Release|Any CPU
		{A72ADE76-0C3F-4BF1-A0B2-0176633FC004}.Release|Any CPU.Build.0 = Release|Any CPU
	EndGlobalSection
	GlobalSection(SolutionProperties) = preSolution
		HideSolutionNode = FALSE
	EndGlobalSection
	GlobalSection(ExtensibilityGlobals) = postSolution
		SolutionGuid = {F12BF8D6-ACFB-45F9-94D0-64B8D3ED531D}
	EndGlobalSection
EndGlobal
